
Microsoft Visual Studio Solution File, Format Version 12.00
# Visual Studio Version 17
VisualStudioVersion = 17.5.002.0
MinimumVisualStudioVersion = 10.0.40219.1
Project("{9A19103F-16F7-4668-BE54-9A1E7A4F7556}") = "cart", "cart.csproj", "{48A892AB-0155-40BB-84D7-81FF0F84B1E4}"
EndProject
Global
	GlobalSection(SolutionConfigurationPlatforms) = preSolution
		Debug|Any CPU = Debug|Any CPU
		Release|Any CPU = Release|Any CPU
	EndGlobalSection
	GlobalSection(ProjectConfigurationPlatforms) = postSolution
		{48A892AB-0155-40BB-84D7-81FF0F84B1E4}.Debug|Any CPU.ActiveCfg = Debug|Any CPU
		{48A892AB-0155-40BB-84D7-81FF0F84B1E4}.Debug|Any CPU.Build.0 = Debug|Any CPU
		{48A892AB-0155-40BB-84D7-81FF0F84B1E4}.Release|Any CPU.ActiveCfg = Release|Any CPU
		{48A892AB-0155-40BB-84D7-81FF0F84B1E4}.Release|Any CPU.Build.0 = Release|Any CPU
	EndGlobalSection
	GlobalSection(SolutionProperties) = preSolution
		HideSolutionNode = FALSE
	EndGlobalSection
	GlobalSection(ExtensibilityGlobals) = postSolution
		SolutionGuid = {9CCC18AC-604F-4F86-A726-B8FDEB943F86}
	EndGlobalSection
EndGlobal
